
Microsoft Visual Studio Solution File, Format Version 12.00
# Visual Studio Version 17
VisualStudioVersion = 17.2.32526.322
MinimumVisualStudioVersion = 10.0.40219.1
Project("{8BC9CEB8-8B4A-11D0-8D11-00A0C91BC942}") = "SumitOpenGL", "SumitOpenGL\SumitOpenGL.vcxproj", "{39B55E39-9610-48EA-B637-69FF2DF4A48F}"
EndProject
Project("{8BC9CEB8-8B4A-11D0-8D11-00A0C91BC942}") = "Graphics", "Graphics\Graphics.vcxproj", "{D5DDE88A-F485-4F86-88C5-0625987DE313}"
EndProject
Global
	GlobalSection(SolutionConfigurationPlatforms) = preSolution
		Debug|x64 = Debug|x64
		Debug|x86 = Debug|x86
		Release|x64 = Release|x64
		Release|x86 = Release|x86
	EndGlobalSection
	GlobalSection(ProjectConfigurationPlatforms) = postSolution
		{39B55E39-9610-48EA-B637-69FF2DF4A48F}.Debug|x64.ActiveCfg = Debug|x64
		{39B55E39-9610-48EA-B637-69FF2DF4A48F}.Debug|x64.Build.0 = Debug|x64
		{39B55E39-9610-48EA-B637-69FF2DF4A48F}.Debug|x86.ActiveCfg = Debug|Win32
		{39B55E39-9610-48EA-B637-69FF2DF4A48F}.Debug|x86.Build.0 = Debug|Win32
		{39B55E39-9610-48EA-B637-69FF2DF4A48F}.Release|x64.ActiveCfg = Release|x64
		{39B55E39-9610-48EA-B637-69FF2DF4A48F}.Release|x64.Build.0 = Release|x64
		{39B55E39-9610-48EA-B637-69FF2DF4A48F}.Release|x86.ActiveCfg = Release|Win32
		{39B55E39-9610-48EA-B637-69FF2DF4A48F}.Release|x86.Build.0 = Release|Win32
		{D5DDE88A-F485-4F86-88C5-0625987DE313}.Debug|x64.ActiveCfg = Debug|x64
		{D5DDE88A-F485-4F86-88C5-0625987DE313}.Debug|x64.Build.0 = Debug|x64
		{D5DDE88A-F485-4F86-88C5-0625987DE313}.Debug|x86.ActiveCfg = Debug|Win32
		{D5DDE88A-F485-4F86-88C5-0625987DE313}.Debug|x86.Build.0 = Debug|Win32
		{D5DDE88A-F485-4F86-88C5-0625987DE313}.Release|x64.ActiveCfg = Release|x64
		{D5DDE88A-F485-4F86-88C5-0625987DE313}.Release|x64.Build.0 = Release|x64
		{D5DDE88A-F485-4F86-88C5-0625987DE313}.Release|x86.ActiveCfg = Release|Win32
		{D5DDE88A-F485-4F86-88C5-0625987DE313}.Release|x86.Build.0 = Release|Win32
	EndGlobalSection
	GlobalSection(SolutionProperties) = preSolution
		HideSolutionNode = FALSE
	EndGlobalSection
	GlobalSection(ExtensibilityGlobals) = postSolution
		SolutionGuid = {2D185074-AAEC-441E-B0E0-14788B49C3C2}
	EndGlobalSection
EndGlobal
